// !$*UTF8*$!
{
	archiveVersion = 1;
	classes = {
	};
	objectVersion = 55;
	objects = {

/* Begin PBXBuildFile section */
		056477BB28E83A9C001A8127 /* AppDelegate.swift in Sources */ = {isa = PBXBuildFile; fileRef = 056477BA28E83A9C001A8127 /* AppDelegate.swift */; };
		056477BD28E83A9C001A8127 /* SceneDelegate.swift in Sources */ = {isa = PBXBuildFile; fileRef = 056477BC28E83A9C001A8127 /* SceneDelegate.swift */; };
		056477BF28E83A9C001A8127 /* ViewController.swift in Sources */ = {isa = PBXBuildFile; fileRef = 056477BE28E83A9C001A8127 /* ViewController.swift */; };
		056477C228E83A9C001A8127 /* Main.storyboard in Resources */ = {isa = PBXBuildFile; fileRef = 056477C028E83A9C001A8127 /* Main.storyboard */; };
		056477C428E83A9E001A8127 /* Assets.xcassets in Resources */ = {isa = PBXBuildFile; fileRef = 056477C328E83A9E001A8127 /* Assets.xcassets */; };
		056477C728E83A9E001A8127 /* LaunchScreen.storyboard in Resources */ = {isa = PBXBuildFile; fileRef = 056477C528E83A9E001A8127 /* LaunchScreen.storyboard */; };
		05E937CA28E83C3200CE8101 /* GoogleService-Info.plist in Resources */ = {isa = PBXBuildFile; fileRef = 05E937C928E83C3200CE8101 /* GoogleService-Info.plist */; };
		1B827BC9E49DD968E511CEA7 /* Pods_WebStatus.framework in Frameworks */ = {isa = PBXBuildFile; fileRef = 93AF333C8BF057C157F1E815 /* Pods_WebStatus.framework */; };
/* End PBXBuildFile section */

/* Begin PBXFileReference section */
		056477B728E83A9C001A8127 /* WebStatus.app */ = {isa = PBXFileReference; explicitFileType = wrapper.application; includeInIndex = 0; path = WebStatus.app; sourceTree = BUILT_PRODUCTS_DIR; };
		056477BA28E83A9C001A8127 /* AppDelegate.swift */ = {isa = PBXFileReference; lastKnownFileType = sourcecode.swift; path = AppDelegate.swift; sourceTree = "<group>"; };
		056477BC28E83A9C001A8127 /* SceneDelegate.swift */ = {isa = PBXFileReference; lastKnownFileType = sourcecode.swift; path = SceneDelegate.swift; sourceTree = "<group>"; };
		056477BE28E83A9C001A8127 /* ViewController.swift */ = {isa = PBXFileReference; lastKnownFileType = sourcecode.swift; path = ViewController.swift; sourceTree = "<group>"; };
		056477C128E83A9C001A8127 /* Base */ = {isa = PBXFileReference; lastKnownFileType = file.storyboard; name = Base; path = Base.lproj/Main.storyboard; sourceTree = "<group>"; };
		056477C328E83A9E001A8127 /* Assets.xcassets */ = {isa = PBXFileReference; lastKnownFileType = folder.assetcatalog; path = Assets.xcassets; sourceTree = "<group>"; };
		056477C628E83A9E001A8127 /* Base */ = {isa = PBXFileReference; lastKnownFileType = file.storyboard; name = Base; path = Base.lproj/LaunchScreen.storyboard; sourceTree = "<group>"; };
		056477C828E83A9E001A8127 /* Info.plist */ = {isa = PBXFileReference; lastKnownFileType = text.plist.xml; path = Info.plist; sourceTree = "<group>"; };
		05E937C928E83C3200CE8101 /* GoogleService-Info.plist */ = {isa = PBXFileReference; fileEncoding = 4; lastKnownFileType = text.plist.xml; path = "GoogleService-Info.plist"; sourceTree = "<group>"; };
		77328B89E9220F69ADD267BF /* Pods-WebStatus.release.xcconfig */ = {isa = PBXFileReference; includeInIndex = 1; lastKnownFileType = text.xcconfig; name = "Pods-WebStatus.release.xcconfig"; path = "Target Support Files/Pods-WebStatus/Pods-WebStatus.release.xcconfig"; sourceTree = "<group>"; };
		8664FE62FFAF8F2891BC8CE9 /* Pods-WebStatus.debug.xcconfig */ = {isa = PBXFileReference; includeInIndex = 1; lastKnownFileType = text.xcconfig; name = "Pods-WebStatus.debug.xcconfig"; path = "Target Support Files/Pods-WebStatus/Pods-WebStatus.debug.xcconfig"; sourceTree = "<group>"; };
		93AF333C8BF057C157F1E815 /* Pods_WebStatus.framework */ = {isa = PBXFileReference; explicitFileType = wrapper.framework; includeInIndex = 0; path = Pods_WebStatus.framework; sourceTree = BUILT_PRODUCTS_DIR; };
/* End PBXFileReference section */

/* Begin PBXFrameworksBuildPhase section */
		056477B428E83A9C001A8127 /* Frameworks */ = {
			isa = PBXFrameworksBuildPhase;
			buildActionMask = 2147483647;
			files = (
				1B827BC9E49DD968E511CEA7 /* Pods_WebStatus.framework in Frameworks */,
			);
			runOnlyForDeploymentPostprocessing = 0;
		};
/* End PBXFrameworksBuildPhase section */

/* Begin PBXGroup section */
		056477AE28E83A9C001A8127 = {
			isa = PBXGroup;
			children = (
				056477B928E83A9C001A8127 /* WebStatus */,
				056477B828E83A9C001A8127 /* Products */,
				14E9B99D9A39F20600C08C45 /* Pods */,
				D16CA0FCC720BE037FEC406E /* Frameworks */,
			);
			sourceTree = "<group>";
		};
		056477B828E83A9C001A8127 /* Products */ = {
			isa = PBXGroup;
			children = (
				056477B728E83A9C001A8127 /* WebStatus.app */,
			);
			name = Products;
			sourceTree = "<group>";
		};
		056477B928E83A9C001A8127 /* WebStatus */ = {
			isa = PBXGroup;
			children = (
				05E937C828E83C1D00CE8101 /* Resources */,
				056477BA28E83A9C001A8127 /* AppDelegate.swift */,
				056477BC28E83A9C001A8127 /* SceneDelegate.swift */,
				056477BE28E83A9C001A8127 /* ViewController.swift */,
				056477C028E83A9C001A8127 /* Main.storyboard */,
				056477C328E83A9E001A8127 /* Assets.xcassets */,
				056477C528E83A9E001A8127 /* LaunchScreen.storyboard */,
				056477C828E83A9E001A8127 /* Info.plist */,
			);
			path = WebStatus;
			sourceTree = "<group>";
		};
		05E937C828E83C1D00CE8101 /* Resources */ = {
			isa = PBXGroup;
			children = (
				05E937C928E83C3200CE8101 /* GoogleService-Info.plist */,
			);
			path = Resources;
			sourceTree = "<group>";
		};
		14E9B99D9A39F20600C08C45 /* Pods */ = {
			isa = PBXGroup;
			children = (
				8664FE62FFAF8F2891BC8CE9 /* Pods-WebStatus.debug.xcconfig */,
				77328B89E9220F69ADD267BF /* Pods-WebStatus.release.xcconfig */,
			);
			path = Pods;
			sourceTree = "<group>";
		};
		D16CA0FCC720BE037FEC406E /* Frameworks */ = {
			isa = PBXGroup;
			children = (
				93AF333C8BF057C157F1E815 /* Pods_WebStatus.framework */,
			);
			name = Frameworks;
			sourceTree = "<group>";
		};
/* End PBXGroup section */

/* Begin PBXNativeTarget section */
		056477B628E83A9C001A8127 /* WebStatus */ = {
			isa = PBXNativeTarget;
			buildConfigurationList = 056477CB28E83A9E001A8127 /* Build configuration list for PBXNativeTarget "WebStatus" */;
			buildPhases = (
				2A1BDC896CD0C78B2A605BE5 /* [CP] Check Pods Manifest.lock */,
				056477B328E83A9C001A8127 /* Sources */,
				056477B428E83A9C001A8127 /* Frameworks */,
				056477B528E83A9C001A8127 /* Resources */,
				F39ACBA6ECC63DC431FDEE93 /* [CP] Embed Pods Frameworks */,
			);
			buildRules = (
			);
			dependencies = (
			);
			name = WebStatus;
			productName = WebStatus;
			productReference = 056477B728E83A9C001A8127 /* WebStatus.app */;
			productType = "com.apple.product-type.application";
		};
/* End PBXNativeTarget section */

/* Begin PBXProject section */
		056477AF28E83A9C001A8127 /* Project object */ = {
			isa = PBXProject;
			attributes = {
				BuildIndependentTargetsInParallel = 1;
				LastSwiftUpdateCheck = 1320;
				LastUpgradeCheck = 1320;
				TargetAttributes = {
					056477B628E83A9C001A8127 = {
						CreatedOnToolsVersion = 13.2.1;
					};
				};
			};
			buildConfigurationList = 056477B228E83A9C001A8127 /* Build configuration list for PBXProject "WebStatus" */;
			compatibilityVersion = "Xcode 13.0";
			developmentRegion = en;
			hasScannedForEncodings = 0;
			knownRegions = (
				en,
				Base,
			);
			mainGroup = 056477AE28E83A9C001A8127;
			productRefGroup = 056477B828E83A9C001A8127 /* Products */;
			projectDirPath = "";
			projectRoot = "";
			targets = (
				056477B628E83A9C001A8127 /* WebStatus */,
			);
		};
/* End PBXProject section */

/* Begin PBXResourcesBuildPhase section */
		056477B528E83A9C001A8127 /* Resources */ = {
			isa = PBXResourcesBuildPhase;
			buildActionMask = 2147483647;
			files = (
				056477C728E83A9E001A8127 /* LaunchScreen.storyboard in Resources */,
				05E937CA28E83C3200CE8101 /* GoogleService-Info.plist in Resources */,
				056477C428E83A9E001A8127 /* Assets.xcassets in Resources */,
				056477C228E83A9C001A8127 /* Main.storyboard in Resources */,
			);
			runOnlyForDeploymentPostprocessing = 0;
		};
/* End PBXResourcesBuildPhase section */

/* Begin PBXShellScriptBuildPhase section */
		2A1BDC896CD0C78B2A605BE5 /* [CP] Check Pods Manifest.lock */ = {
			isa = PBXShellScriptBuildPhase;
			buildActionMask = 2147483647;
			files = (
			);
			inputFileListPaths = (
			);
			inputPaths = (
				"${PODS_PODFILE_DIR_PATH}/Podfile.lock",
				"${PODS_ROOT}/Manifest.lock",
			);
			name = "[CP] Check Pods Manifest.lock";
			outputFileListPaths = (
			);
			outputPaths = (
				"$(DERIVED_FILE_DIR)/Pods-WebStatus-checkManifestLockResult.txt",
			);
			runOnlyForDeploymentPostprocessing = 0;
			shellPath = /bin/sh;
			shellScript = "diff \"${PODS_PODFILE_DIR_PATH}/Podfile.lock\" \"${PODS_ROOT}/Manifest.lock\" > /dev/null\nif [ $? != 0 ] ; then\n    # print error to STDERR\n    echo \"error: The sandbox is not in sync with the Podfile.lock. Run 'pod install' or update your CocoaPods installation.\" >&2\n    exit 1\nfi\n# This output is used by Xcode 'outputs' to avoid re-running this script phase.\necho \"SUCCESS\" > \"${SCRIPT_OUTPUT_FILE_0}\"\n";
			showEnvVarsInLog = 0;
		};
		F39ACBA6ECC63DC431FDEE93 /* [CP] Embed Pods Frameworks */ = {
			isa = PBXShellScriptBuildPhase;
			buildActionMask = 2147483647;
			files = (
			);
			inputFileListPaths = (
				"${PODS_ROOT}/Target Support Files/Pods-WebStatus/Pods-WebStatus-frameworks-${CONFIGURATION}-input-files.xcfilelist",
			);
			name = "[CP] Embed Pods Frameworks";
			outputFileListPaths = (
				"${PODS_ROOT}/Target Support Files/Pods-WebStatus/Pods-WebStatus-frameworks-${CONFIGURATION}-output-files.xcfilelist",
			);
			runOnlyForDeploymentPostprocessing = 0;
			shellPath = /bin/sh;
			shellScript = "\"${PODS_ROOT}/Target Support Files/Pods-WebStatus/Pods-WebStatus-frameworks.sh\"\n";
			showEnvVarsInLog = 0;
		};
/* End PBXShellScriptBuildPhase section */

/* Begin PBXSourcesBuildPhase section */
		056477B328E83A9C001A8127 /* Sources */ = {
			isa = PBXSourcesBuildPhase;
			buildActionMask = 2147483647;
			files = (
				056477BF28E83A9C001A8127 /* ViewController.swift in Sources */,
				056477BB28E83A9C001A8127 /* AppDelegate.swift in Sources */,
				056477BD28E83A9C001A8127 /* SceneDelegate.swift in Sources */,
			);
			runOnlyForDeploymentPostprocessing = 0;
		};
/* End PBXSourcesBuildPhase section */

/* Begin PBXVariantGroup section */
		056477C028E83A9C001A8127 /* Main.storyboard */ = {
			isa = PBXVariantGroup;
			children = (
				056477C128E83A9C001A8127 /* Base */,
			);
			name = Main.storyboard;
			sourceTree = "<group>";
		};
		056477C528E83A9E001A8127 /* LaunchScreen.storyboard */ = {
			isa = PBXVariantGroup;
			children = (
				056477C628E83A9E001A8127 /* Base */,
			);
			name = LaunchScreen.storyboard;
			sourceTree = "<group>";
		};
/* End PBXVariantGroup section */

/* Begin XCBuildConfiguration section */
		056477C928E83A9E001A8127 /* Debug */ = {
			isa = XCBuildConfiguration;
			buildSettings = {
				ALWAYS_SEARCH_USER_PATHS = NO;
				CLANG_ANALYZER_NONNULL = YES;
				CLANG_ANALYZER_NUMBER_OBJECT_CONVERSION = YES_AGGRESSIVE;
				CLANG_CXX_LANGUAGE_STANDARD = "gnu++17";
				CLANG_CXX_LIBRARY = "libc++";
				CLANG_ENABLE_MODULES = YES;
				CLANG_ENABLE_OBJC_ARC = YES;
				CLANG_ENABLE_OBJC_WEAK = YES;
				CLANG_WARN_BLOCK_CAPTURE_AUTORELEASING = YES;
				CLANG_WARN_BOOL_CONVERSION = YES;
				CLANG_WARN_COMMA = YES;
				CLANG_WARN_CONSTANT_CONVERSION = YES;
				CLANG_WARN_DEPRECATED_OBJC_IMPLEMENTATIONS = YES;
				CLANG_WARN_DIRECT_OBJC_ISA_USAGE = YES_ERROR;
				CLANG_WARN_DOCUMENTATION_COMMENTS = YES;
				CLANG_WARN_EMPTY_BODY = YES;
				CLANG_WARN_ENUM_CONVERSION = YES;
				CLANG_WARN_INFINITE_RECURSION = YES;
				CLANG_WARN_INT_CONVERSION = YES;
				CLANG_WARN_NON_LITERAL_NULL_CONVERSION = YES;
				CLANG_WARN_OBJC_IMPLICIT_RETAIN_SELF = YES;
				CLANG_WARN_OBJC_LITERAL_CONVERSION = YES;
				CLANG_WARN_OBJC_ROOT_CLASS = YES_ERROR;
				CLANG_WARN_QUOTED_INCLUDE_IN_FRAMEWORK_HEADER = YES;
				CLANG_WARN_RANGE_LOOP_ANALYSIS = YES;
				CLANG_WARN_STRICT_PROTOTYPES = YES;
				CLANG_WARN_SUSPICIOUS_MOVE = YES;
				CLANG_WARN_UNGUARDED_AVAILABILITY = YES_AGGRESSIVE;
				CLANG_WARN_UNREACHABLE_CODE = YES;
				CLANG_WARN__DUPLICATE_METHOD_MATCH = YES;
				COPY_PHASE_STRIP = NO;
				DEBUG_INFORMATION_FORMAT = dwarf;
				ENABLE_STRICT_OBJC_MSGSEND = YES;
				ENABLE_TESTABILITY = YES;
				GCC_C_LANGUAGE_STANDARD = gnu11;
				GCC_DYNAMIC_NO_PIC = NO;
				GCC_NO_COMMON_BLOCKS = YES;
				GCC_OPTIMIZATION_LEVEL = 0;
				GCC_PREPROCESSOR_DEFINITIONS = (
					"DEBUG=1",
					"$(inherited)",
				);
				GCC_WARN_64_TO_32_BIT_CONVERSION = YES;
				GCC_WARN_ABOUT_RETURN_TYPE = YES_ERROR;
				GCC_WARN_UNDECLARED_SELECTOR = YES;
				GCC_WARN_UNINITIALIZED_AUTOS = YES_AGGRESSIVE;
				GCC_WARN_UNUSED_FUNCTION = YES;
				GCC_WARN_UNUSED_VARIABLE = YES;
				IPHONEOS_DEPLOYMENT_TARGET = 15.2;
				MTL_ENABLE_DEBUG_INFO = INCLUDE_SOURCE;
				MTL_FAST_MATH = YES;
				ONLY_ACTIVE_ARCH = YES;
				SDKROOT = iphoneos;
				SWIFT_ACTIVE_COMPILATION_CONDITIONS = DEBUG;
				SWIFT_OPTIMIZATION_LEVEL = "-Onone";
			};
			name = Debug;
		};
		056477CA28E83A9E001A8127 /* Release */ = {
			isa = XCBuildConfiguration;
			buildSettings = {
				ALWAYS_SEARCH_USER_PATHS = NO;
				CLANG_ANALYZER_NONNULL = YES;
				CLANG_ANALYZER_NUMBER_OBJECT_CONVERSION = YES_AGGRESSIVE;
				CLANG_CXX_LANGUAGE_STANDARD = "gnu++17";
				CLANG_CXX_LIBRARY = "libc++";
				CLANG_ENABLE_MODULES = YES;
				CLANG_ENABLE_OBJC_ARC = YES;
				CLANG_ENABLE_OBJC_WEAK = YES;
				CLANG_WARN_BLOCK_CAPTURE_AUTORELEASING = YES;
				CLANG_WARN_BOOL_CONVERSION = YES;
				CLANG_WARN_COMMA = YES;
				CLANG_WARN_CONSTANT_CONVERSION = YES;
				CLANG_WARN_DEPRECATED_OBJC_IMPLEMENTATIONS = YES;
				CLANG_WARN_DIRECT_OBJC_ISA_USAGE = YES_ERROR;
				CLANG_WARN_DOCUMENTATION_COMMENTS = YES;
				CLANG_WARN_EMPTY_BODY = YES;
				CLANG_WARN_ENUM_CONVERSION = YES;
				CLANG_WARN_INFINITE_RECURSION = YES;
				CLANG_WARN_INT_CONVERSION = YES;
				CLANG_WARN_NON_LITERAL_NULL_CONVERSION = YES;
				CLANG_WARN_OBJC_IMPLICIT_RETAIN_SELF = YES;
				CLANG_WARN_OBJC_LITERAL_CONVERSION = YES;
				CLANG_WARN_OBJC_ROOT_CLASS = YES_ERROR;
				CLANG_WARN_QUOTED_INCLUDE_IN_FRAMEWORK_HEADER = YES;
				CLANG_WARN_RANGE_LOOP_ANALYSIS = YES;
				CLANG_WARN_STRICT_PROTOTYPES = YES;
				CLANG_WARN_SUSPICIOUS_MOVE = YES;
				CLANG_WARN_UNGUARDED_AVAILABILITY = YES_AGGRESSIVE;
				CLANG_WARN_UNREACHABLE_CODE = YES;
				CLANG_WARN__DUPLICATE_METHOD_MATCH = YES;
				COPY_PHASE_STRIP = NO;
				DEBUG_INFORMATION_FORMAT = "dwarf-with-dsym";
				ENABLE_NS_ASSERTIONS = NO;
				ENABLE_STRICT_OBJC_MSGSEND = YES;
				GCC_C_LANGUAGE_STANDARD = gnu11;
				GCC_NO_COMMON_BLOCKS = YES;
				GCC_WARN_64_TO_32_BIT_CONVERSION = YES;
				GCC_WARN_ABOUT_RETURN_TYPE = YES_ERROR;
				GCC_WARN_UNDECLARED_SELECTOR = YES;
				GCC_WARN_UNINITIALIZED_AUTOS = YES_AGGRESSIVE;
				GCC_WARN_UNUSED_FUNCTION = YES;
				GCC_WARN_UNUSED_VARIABLE = YES;
				IPHONEOS_DEPLOYMENT_TARGET = 15.2;
				MTL_ENABLE_DEBUG_INFO = NO;
				MTL_FAST_MATH = YES;
				SDKROOT = iphoneos;
				SWIFT_COMPILATION_MODE = wholemodule;
				SWIFT_OPTIMIZATION_LEVEL = "-O";
				VALIDATE_PRODUCT = YES;
			};
			name = Release;
		};
		056477CC28E83A9E001A8127 /* Debug */ = {
			isa = XCBuildConfiguration;
			baseConfigurationReference = 8664FE62FFAF8F2891BC8CE9 /* Pods-WebStatus.debug.xcconfig */;
			buildSettings = {
				ASSETCATALOG_COMPILER_APPICON_NAME = AppIcon;
				ASSETCATALOG_COMPILER_GLOBAL_ACCENT_COLOR_NAME = AccentColor;
				CODE_SIGN_STYLE = Automatic;
				CURRENT_PROJECT_VERSION = 1;
				GENERATE_INFOPLIST_FILE = YES;
				INFOPLIST_FILE = WebStatus/Info.plist;
				INFOPLIST_KEY_UIApplicationSupportsIndirectInputEvents = YES;
				INFOPLIST_KEY_UILaunchStoryboardName = LaunchScreen;
				INFOPLIST_KEY_UIMainStoryboardFile = Main;
				INFOPLIST_KEY_UISupportedInterfaceOrientations_iPad = "UIInterfaceOrientationPortrait UIInterfaceOrientationPortraitUpsideDown UIInterfaceOrientationLandscapeLeft UIInterfaceOrientationLandscapeRight";
				INFOPLIST_KEY_UISupportedInterfaceOrientations_iPhone = "UIInterfaceOrientationPortrait UIInterfaceOrientationLandscapeLeft UIInterfaceOrientationLandscapeRight";
				LD_RUNPATH_SEARCH_PATHS = (
					"$(inherited)",
					"@executable_path/Frameworks",
				);
				MARKETING_VERSION = 1.0;
				PRODUCT_BUNDLE_IDENTIFIER = com.web.WebStatus;
				PRODUCT_NAME = "$(TARGET_NAME)";
				SWIFT_EMIT_LOC_STRINGS = YES;
				SWIFT_VERSION = 5.0;
				TARGETED_DEVICE_FAMILY = "1,2";
			};
			name = Debug;
		};
		056477CD28E83A9E001A8127 /* Release */ = {
			isa = XCBuildConfiguration;
			baseConfigurationReference = 77328B89E9220F69ADD267BF /* Pods-WebStatus.release.xcconfig */;
			buildSettings = {
				ASSETCATALOG_COMPILER_APPICON_NAME = AppIcon;
				ASSETCATALOG_COMPILER_GLOBAL_ACCENT_COLOR_NAME = AccentColor;
				CODE_SIGN_STYLE = Automatic;
				CURRENT_PROJECT_VERSION = 1;
				GENERATE_INFOPLIST_FILE = YES;
				INFOPLIST_FILE = WebStatus/Info.plist;
				INFOPLIST_KEY_UIApplicationSupportsIndirectInputEvents = YES;
				INFOPLIST_KEY_UILaunchStoryboardName = LaunchScreen;
				INFOPLIST_KEY_UIMainStoryboardFile = Main;
				INFOPLIST_KEY_UISupportedInterfaceOrientations_iPad = "UIInterfaceOrientationPortrait UIInterfaceOrientationPortraitUpsideDown UIInterfaceOrientationLandscapeLeft UIInterfaceOrientationLandscapeRight";
				INFOPLIST_KEY_UISupportedInterfaceOrientations_iPhone = "UIInterfaceOrientationPortrait UIInterfaceOrientationLandscapeLeft UIInterfaceOrientationLandscapeRight";
				LD_RUNPATH_SEARCH_PATHS = (
					"$(inherited)",
					"@executable_path/Frameworks",
				);
				MARKETING_VERSION = 1.0;
				PRODUCT_BUNDLE_IDENTIFIER = com.web.WebStatus;
				PRODUCT_NAME = "$(TARGET_NAME)";
				SWIFT_EMIT_LOC_STRINGS = YES;
				SWIFT_VERSION = 5.0;
				TARGETED_DEVICE_FAMILY = "1,2";
			};
			name = Release;
		};
/* End XCBuildConfiguration section */

/* Begin XCConfigurationList section */
		056477B228E83A9C001A8127 /* Build configuration list for PBXProject "WebStatus" */ = {
			isa = XCConfigurationList;
			buildConfigurations = (
				056477C928E83A9E001A8127 /* Debug */,
				056477CA28E83A9E001A8127 /* Release */,
			);
			defaultConfigurationIsVisible = 0;
			defaultConfigurationName = Release;
		};
		056477CB28E83A9E001A8127 /* Build configuration list for PBXNativeTarget "WebStatus" */ = {
			isa = XCConfigurationList;
			buildConfigurations = (
				056477CC28E83A9E001A8127 /* Debug */,
				056477CD28E83A9E001A8127 /* Release */,
			);
			defaultConfigurationIsVisible = 0;
			defaultConfigurationName = Release;
		};
/* End XCConfigurationList section */
	};
	rootObject = 056477AF28E83A9C001A8127 /* Project object */;
}
